
Microsoft Visual Studio Solution File, Format Version 12.00
# Visual Studio Version 16
VisualStudioVersion = 16.0.30114.105
MinimumVisualStudioVersion = 10.0.40219.1
Project("{FAE04EC0-301F-11D3-BF4B-00C04F79EFBC}") = "FormPrac", "FormPrac\FormPrac.csproj", "{5B84C39E-1AA9-45D9-B92E-E91920CC3A82}"
EndProject
Global
	GlobalSection(SolutionConfigurationPlatforms) = preSolution
		Debug|Any CPU = Debug|Any CPU
		Release|Any CPU = Release|Any CPU
	EndGlobalSection
	GlobalSection(ProjectConfigurationPlatforms) = postSolution
		{5B84C39E-1AA9-45D9-B92E-E91920CC3A82}.Debug|Any CPU.ActiveCfg = Debug|Any CPU
		{5B84C39E-1AA9-45D9-B92E-E91920CC3A82}.Debug|Any CPU.Build.0 = Debug|Any CPU
		{5B84C39E-1AA9-45D9-B92E-E91920CC3A82}.Release|Any CPU.ActiveCfg = Release|Any CPU
		{5B84C39E-1AA9-45D9-B92E-E91920CC3A82}.Release|Any CPU.Build.0 = Release|Any CPU
	EndGlobalSection
	GlobalSection(SolutionProperties) = preSolution
		HideSolutionNode = FALSE
	EndGlobalSection
	GlobalSection(ExtensibilityGlobals) = postSolution
		SolutionGuid = {C0C3EFEC-78DC-49E1-B49E-8741D98A5CDE}
	EndGlobalSection
EndGlobal
